
Microsoft Visual Studio Solution File, Format Version 12.00
# Visual Studio 14
VisualStudioVersion = 14.0.24720.0
MinimumVisualStudioVersion = 10.0.40219.1
Project("{FAE04EC0-301F-11D3-BF4B-00C04F79EFBC}") = "ClassLib", "ClassLib\ClassLib.csproj", "{BDFEEE04-0F91-438C-90E8-FB953D8A1D78}"
EndProject
Project("{FAE04EC0-301F-11D3-BF4B-00C04F79EFBC}") = "SerializeConsolApp", "SerializeConsolApp\SerializeConsolApp.csproj", "{7D66B877-6B8B-4121-BAE5-1E734573D40C}"
EndProject
Project("{FAE04EC0-301F-11D3-BF4B-00C04F79EFBC}") = "DeserializeConsolApp", "DeserializeConsolApp\DeserializeConsolApp.csproj", "{42FD0C8B-8000-487A-B15F-DC92A42A5766}"
EndProject
Global
	GlobalSection(SolutionConfigurationPlatforms) = preSolution
		Debug|Any CPU = Debug|Any CPU
		Release|Any CPU = Release|Any CPU
	EndGlobalSection
	GlobalSection(ProjectConfigurationPlatforms) = postSolution
		{BDFEEE04-0F91-438C-90E8-FB953D8A1D78}.Debug|Any CPU.ActiveCfg = Debug|Any CPU
		{BDFEEE04-0F91-438C-90E8-FB953D8A1D78}.Debug|Any CPU.Build.0 = Debug|Any CPU
		{BDFEEE04-0F91-438C-90E8-FB953D8A1D78}.Release|Any CPU.ActiveCfg = Release|Any CPU
		{BDFEEE04-0F91-438C-90E8-FB953D8A1D78}.Release|Any CPU.Build.0 = Release|Any CPU
		{7D66B877-6B8B-4121-BAE5-1E734573D40C}.Debug|Any CPU.ActiveCfg = Debug|Any CPU
		{7D66B877-6B8B-4121-BAE5-1E734573D40C}.Debug|Any CPU.Build.0 = Debug|Any CPU
		{7D66B877-6B8B-4121-BAE5-1E734573D40C}.Release|Any CPU.ActiveCfg = Release|Any CPU
		{7D66B877-6B8B-4121-BAE5-1E734573D40C}.Release|Any CPU.Build.0 = Release|Any CPU
		{42FD0C8B-8000-487A-B15F-DC92A42A5766}.Debug|Any CPU.ActiveCfg = Debug|Any CPU
		{42FD0C8B-8000-487A-B15F-DC92A42A5766}.Debug|Any CPU.Build.0 = Debug|Any CPU
		{42FD0C8B-8000-487A-B15F-DC92A42A5766}.Release|Any CPU.ActiveCfg = Release|Any CPU
		{42FD0C8B-8000-487A-B15F-DC92A42A5766}.Release|Any CPU.Build.0 = Release|Any CPU
	EndGlobalSection
	GlobalSection(SolutionProperties) = preSolution
		HideSolutionNode = FALSE
	EndGlobalSection
EndGlobal
